{
  "name": "01",
  "version": "1.0.0",
  "lockfileVersion": 2,
  "requires": true,
  "packages": {
    "": {
      "name": "01",
      "version": "1.0.0",
      "license": "ISC",
      "dependencies": {
        "async-prompt": "^1.0.1"
      }
    },
    "node_modules/async-prompt": {
      "version": "1.0.1",
      "resolved": "https://registry.npmjs.org/async-prompt/-/async-prompt-1.0.1.tgz",
      "integrity": "sha512-AdeC4NCuD0RxpbWm6pexY/AWMasHzMe+/zvdxdsAvpMmuz4in7N8OrKP7YzbRPYhUS+hibZNdUablgfE6Uj8UA==",
      "dependencies": {
        "keypress": "~0.2.1"
      },
      "engines": {
        "node": ">=4.8.7"
      }
    },
    "node_modules/keypress": {
      "version": "0.2.1",
      "resolved": "https://registry.npmjs.org/keypress/-/keypress-0.2.1.tgz",
      "integrity": "sha512-HjorDJFNhnM4SicvaUXac0X77NiskggxJdesG72+O5zBKpSqKFCrqmndKVqpu3pFqkla0St6uGk8Ju0sCurrmg=="
    }
  },
  "dependencies": {
    "async-prompt": {
      "version": "1.0.1",
      "resolved": "https://registry.npmjs.org/async-prompt/-/async-prompt-1.0.1.tgz",
      "integrity": "sha512-AdeC4NCuD0RxpbWm6pexY/AWMasHzMe+/zvdxdsAvpMmuz4in7N8OrKP7YzbRPYhUS+hibZNdUablgfE6Uj8UA==",
      "requires": {
        "keypress": "~0.2.1"
      }
    },
    "keypress": {
      "version": "0.2.1",
      "resolved": "https://registry.npmjs.org/keypress/-/keypress-0.2.1.tgz",
      "integrity": "sha512-HjorDJFNhnM4SicvaUXac0X77NiskggxJdesG72+O5zBKpSqKFCrqmndKVqpu3pFqkla0St6uGk8Ju0sCurrmg=="
    }
  }
}
